
Microsoft Visual Studio Solution File, Format Version 12.00
# Visual Studio Version 16
VisualStudioVersion = 16.0.30011.22
MinimumVisualStudioVersion = 10.0.40219.1
Project("{FAE04EC0-301F-11D3-BF4B-00C04F79EFBC}") = "App08_AttrRouting", "App08_AttrRouting\App08_AttrRouting.csproj", "{56FC7CF3-11C1-4F2B-9C61-7F4903896D9D}"
EndProject
Global
	GlobalSection(SolutionConfigurationPlatforms) = preSolution
		Debug|Any CPU = Debug|Any CPU
		Release|Any CPU = Release|Any CPU
	EndGlobalSection
	GlobalSection(ProjectConfigurationPlatforms) = postSolution
		{56FC7CF3-11C1-4F2B-9C61-7F4903896D9D}.Debug|Any CPU.ActiveCfg = Debug|Any CPU
		{56FC7CF3-11C1-4F2B-9C61-7F4903896D9D}.Debug|Any CPU.Build.0 = Debug|Any CPU
		{56FC7CF3-11C1-4F2B-9C61-7F4903896D9D}.Release|Any CPU.ActiveCfg = Release|Any CPU
		{56FC7CF3-11C1-4F2B-9C61-7F4903896D9D}.Release|Any CPU.Build.0 = Release|Any CPU
	EndGlobalSection
	GlobalSection(SolutionProperties) = preSolution
		HideSolutionNode = FALSE
	EndGlobalSection
	GlobalSection(ExtensibilityGlobals) = postSolution
		SolutionGuid = {0EF53B7A-57F4-4374-BCB8-278DFCEC423D}
	EndGlobalSection
EndGlobal
