
Microsoft Visual Studio Solution File, Format Version 12.00
# Visual Studio Version 16
VisualStudioVersion = 16.0.30011.22
MinimumVisualStudioVersion = 10.0.40219.1
Project("{FAE04EC0-301F-11D3-BF4B-00C04F79EFBC}") = "App09_LINQ1", "App09_LINQ1\App09_LINQ1.csproj", "{FA5BB45B-AF9A-427C-9AC6-84486FFE872E}"
EndProject
Global
	GlobalSection(SolutionConfigurationPlatforms) = preSolution
		Debug|Any CPU = Debug|Any CPU
		Release|Any CPU = Release|Any CPU
	EndGlobalSection
	GlobalSection(ProjectConfigurationPlatforms) = postSolution
		{FA5BB45B-AF9A-427C-9AC6-84486FFE872E}.Debug|Any CPU.ActiveCfg = Debug|Any CPU
		{FA5BB45B-AF9A-427C-9AC6-84486FFE872E}.Debug|Any CPU.Build.0 = Debug|Any CPU
		{FA5BB45B-AF9A-427C-9AC6-84486FFE872E}.Release|Any CPU.ActiveCfg = Release|Any CPU
		{FA5BB45B-AF9A-427C-9AC6-84486FFE872E}.Release|Any CPU.Build.0 = Release|Any CPU
	EndGlobalSection
	GlobalSection(SolutionProperties) = preSolution
		HideSolutionNode = FALSE
	EndGlobalSection
	GlobalSection(ExtensibilityGlobals) = postSolution
		SolutionGuid = {53446DDF-41B0-45EF-83FB-BAAB00E494BC}
	EndGlobalSection
EndGlobal
